// !$*UTF8*$!
{
	archiveVersion = 1;
	classes = {
	};
	objectVersion = 51;
	objects = {

/* Begin PBXBuildFile section */
		09B4A85186A9540611D0D11D /* Pods_TodoApp.framework in Frameworks */ = {isa = PBXBuildFile; fileRef = 49581766F5C8789EBF727BB5 /* Pods_TodoApp.framework */; };
		162C582825051AC500F069A6 /* AppDelegate.swift in Sources */ = {isa = PBXBuildFile; fileRef = 162C582725051AC500F069A6 /* AppDelegate.swift */; };
		162C582A25051AC500F069A6 /* SceneDelegate.swift in Sources */ = {isa = PBXBuildFile; fileRef = 162C582925051AC500F069A6 /* SceneDelegate.swift */; };
		162C583125051AC500F069A6 /* Assets.xcassets in Resources */ = {isa = PBXBuildFile; fileRef = 162C583025051AC500F069A6 /* Assets.xcassets */; };
		162C583425051AC500F069A6 /* LaunchScreen.storyboard in Resources */ = {isa = PBXBuildFile; fileRef = 162C583225051AC500F069A6 /* LaunchScreen.storyboard */; };
		162C583F25051AC600F069A6 /* TodoAppTests.swift in Sources */ = {isa = PBXBuildFile; fileRef = 162C583E25051AC600F069A6 /* TodoAppTests.swift */; };
		162C584A25051AC600F069A6 /* TodoAppUITests.swift in Sources */ = {isa = PBXBuildFile; fileRef = 162C584925051AC600F069A6 /* TodoAppUITests.swift */; };
		162C585D250520BD00F069A6 /* ItemList.storyboard in Resources */ = {isa = PBXBuildFile; fileRef = 162C585C250520BD00F069A6 /* ItemList.storyboard */; };
		162C585F250520E400F069A6 /* ItemListViewController.swift in Sources */ = {isa = PBXBuildFile; fileRef = 162C585E250520E400F069A6 /* ItemListViewController.swift */; };
		162C58642505259200F069A6 /* ItemListTableViewCell.swift in Sources */ = {isa = PBXBuildFile; fileRef = 162C58622505259200F069A6 /* ItemListTableViewCell.swift */; };
		162C58652505259200F069A6 /* ItemListTableViewCell.xib in Resources */ = {isa = PBXBuildFile; fileRef = 162C58632505259200F069A6 /* ItemListTableViewCell.xib */; };
		21150886F42BBA1F41CEC031 /* Pods_TodoApp_TodoAppUITests.framework in Frameworks */ = {isa = PBXBuildFile; fileRef = E246E43E0527A7B3E3992B18 /* Pods_TodoApp_TodoAppUITests.framework */; };
		26C5252D25349BEA0029F83D /* ItemEdit.storyboard in Resources */ = {isa = PBXBuildFile; fileRef = 26C5252C25349BEA0029F83D /* ItemEdit.storyboard */; };
		26C5253225349C770029F83D /* ItemEditViewController.swift in Sources */ = {isa = PBXBuildFile; fileRef = 26C5253125349C770029F83D /* ItemEditViewController.swift */; };
		26D053C4251118A0006A4675 /* items.swift in Sources */ = {isa = PBXBuildFile; fileRef = 26D053C3251118A0006A4675 /* items.swift */; };
		61329914250874D200FC1819 /* ItemAddViewController.swift in Sources */ = {isa = PBXBuildFile; fileRef = 61329913250874D200FC1819 /* ItemAddViewController.swift */; };
		613299162509B7C600FC1819 /* ItemAdd.storyboard in Resources */ = {isa = PBXBuildFile; fileRef = 613299152509B7C600FC1819 /* ItemAdd.storyboard */; };
		69003DDD25C2C98900762DA0 /* Configration.storyboard in Resources */ = {isa = PBXBuildFile; fileRef = 69003DDC25C2C98900762DA0 /* Configration.storyboard */; };
		698FCA1225B85339000618C8 /* ConfigrationViewController.swift in Sources */ = {isa = PBXBuildFile; fileRef = 698FCA1125B85339000618C8 /* ConfigrationViewController.swift */; };
		C74126D68E57068E7536FD86 /* Pods_TodoAppTests.framework in Frameworks */ = {isa = PBXBuildFile; fileRef = C279085DE841D20F18A0283D /* Pods_TodoAppTests.framework */; };
/* End PBXBuildFile section */

/* Begin PBXContainerItemProxy section */
		162C583B25051AC600F069A6 /* PBXContainerItemProxy */ = {
			isa = PBXContainerItemProxy;
			containerPortal = 162C581C25051AC500F069A6 /* Project object */;
			proxyType = 1;
			remoteGlobalIDString = 162C582325051AC500F069A6;
			remoteInfo = TodoApp;
		};
		162C584625051AC600F069A6 /* PBXContainerItemProxy */ = {
			isa = PBXContainerItemProxy;
			containerPortal = 162C581C25051AC500F069A6 /* Project object */;
			proxyType = 1;
			remoteGlobalIDString = 162C582325051AC500F069A6;
			remoteInfo = TodoApp;
		};
/* End PBXContainerItemProxy section */

/* Begin PBXFileReference section */
		162C582425051AC500F069A6 /* TodoApp.app */ = {isa = PBXFileReference; explicitFileType = wrapper.application; includeInIndex = 0; path = TodoApp.app; sourceTree = BUILT_PRODUCTS_DIR; };
		162C582725051AC500F069A6 /* AppDelegate.swift */ = {isa = PBXFileReference; lastKnownFileType = sourcecode.swift; path = AppDelegate.swift; sourceTree = "<group>"; };
		162C582925051AC500F069A6 /* SceneDelegate.swift */ = {isa = PBXFileReference; lastKnownFileType = sourcecode.swift; path = SceneDelegate.swift; sourceTree = "<group>"; };
		162C583025051AC500F069A6 /* Assets.xcassets */ = {isa = PBXFileReference; lastKnownFileType = folder.assetcatalog; path = Assets.xcassets; sourceTree = "<group>"; };
		162C583325051AC500F069A6 /* Base */ = {isa = PBXFileReference; lastKnownFileType = file.storyboard; name = Base; path = Base.lproj/LaunchScreen.storyboard; sourceTree = "<group>"; };
		162C583525051AC500F069A6 /* Info.plist */ = {isa = PBXFileReference; lastKnownFileType = text.plist.xml; path = Info.plist; sourceTree = "<group>"; };
		162C583A25051AC600F069A6 /* TodoAppTests.xctest */ = {isa = PBXFileReference; explicitFileType = wrapper.cfbundle; includeInIndex = 0; path = TodoAppTests.xctest; sourceTree = BUILT_PRODUCTS_DIR; };
		162C583E25051AC600F069A6 /* TodoAppTests.swift */ = {isa = PBXFileReference; lastKnownFileType = sourcecode.swift; path = TodoAppTests.swift; sourceTree = "<group>"; };
		162C584025051AC600F069A6 /* Info.plist */ = {isa = PBXFileReference; lastKnownFileType = text.plist.xml; path = Info.plist; sourceTree = "<group>"; };
		162C584525051AC600F069A6 /* TodoAppUITests.xctest */ = {isa = PBXFileReference; explicitFileType = wrapper.cfbundle; includeInIndex = 0; path = TodoAppUITests.xctest; sourceTree = BUILT_PRODUCTS_DIR; };
		162C584925051AC600F069A6 /* TodoAppUITests.swift */ = {isa = PBXFileReference; lastKnownFileType = sourcecode.swift; path = TodoAppUITests.swift; sourceTree = "<group>"; };
		162C584B25051AC600F069A6 /* Info.plist */ = {isa = PBXFileReference; lastKnownFileType = text.plist.xml; path = Info.plist; sourceTree = "<group>"; };
		162C585C250520BD00F069A6 /* ItemList.storyboard */ = {isa = PBXFileReference; lastKnownFileType = file.storyboard; path = ItemList.storyboard; sourceTree = "<group>"; };
		162C585E250520E400F069A6 /* ItemListViewController.swift */ = {isa = PBXFileReference; lastKnownFileType = sourcecode.swift; path = ItemListViewController.swift; sourceTree = "<group>"; };
		162C58622505259200F069A6 /* ItemListTableViewCell.swift */ = {isa = PBXFileReference; lastKnownFileType = sourcecode.swift; path = ItemListTableViewCell.swift; sourceTree = "<group>"; };
		162C58632505259200F069A6 /* ItemListTableViewCell.xib */ = {isa = PBXFileReference; lastKnownFileType = file.xib; path = ItemListTableViewCell.xib; sourceTree = "<group>"; };
		1BEBF9910557AD691B2FC54E /* Pods-TodoAppTests.debug.xcconfig */ = {isa = PBXFileReference; includeInIndex = 1; lastKnownFileType = text.xcconfig; name = "Pods-TodoAppTests.debug.xcconfig"; path = "Target Support Files/Pods-TodoAppTests/Pods-TodoAppTests.debug.xcconfig"; sourceTree = "<group>"; };
		26C5252C25349BEA0029F83D /* ItemEdit.storyboard */ = {isa = PBXFileReference; lastKnownFileType = file.storyboard; path = ItemEdit.storyboard; sourceTree = "<group>"; };
		26C5253125349C770029F83D /* ItemEditViewController.swift */ = {isa = PBXFileReference; lastKnownFileType = sourcecode.swift; path = ItemEditViewController.swift; sourceTree = "<group>"; };
		26D053C3251118A0006A4675 /* items.swift */ = {isa = PBXFileReference; lastKnownFileType = sourcecode.swift; path = items.swift; sourceTree = "<group>"; };
		49581766F5C8789EBF727BB5 /* Pods_TodoApp.framework */ = {isa = PBXFileReference; explicitFileType = wrapper.framework; includeInIndex = 0; path = Pods_TodoApp.framework; sourceTree = BUILT_PRODUCTS_DIR; };
		61329913250874D200FC1819 /* ItemAddViewController.swift */ = {isa = PBXFileReference; lastKnownFileType = sourcecode.swift; path = ItemAddViewController.swift; sourceTree = "<group>"; };
		613299152509B7C600FC1819 /* ItemAdd.storyboard */ = {isa = PBXFileReference; lastKnownFileType = file.storyboard; path = ItemAdd.storyboard; sourceTree = "<group>"; };
		69003DDC25C2C98900762DA0 /* Configration.storyboard */ = {isa = PBXFileReference; fileEncoding = 4; lastKnownFileType = file.storyboard; path = Configration.storyboard; sourceTree = "<group>"; };
		698FCA1125B85339000618C8 /* ConfigrationViewController.swift */ = {isa = PBXFileReference; fileEncoding = 4; lastKnownFileType = sourcecode.swift; path = ConfigrationViewController.swift; sourceTree = "<group>"; };
		901E4077E31E65B91B1ED8FC /* Pods-TodoAppTests.release.xcconfig */ = {isa = PBXFileReference; includeInIndex = 1; lastKnownFileType = text.xcconfig; name = "Pods-TodoAppTests.release.xcconfig"; path = "Target Support Files/Pods-TodoAppTests/Pods-TodoAppTests.release.xcconfig"; sourceTree = "<group>"; };
		92856F3FD4BFC1CDC480FBD3 /* Pods-TodoApp-TodoAppUITests.debug.xcconfig */ = {isa = PBXFileReference; includeInIndex = 1; lastKnownFileType = text.xcconfig; name = "Pods-TodoApp-TodoAppUITests.debug.xcconfig"; path = "Target Support Files/Pods-TodoApp-TodoAppUITests/Pods-TodoApp-TodoAppUITests.debug.xcconfig"; sourceTree = "<group>"; };
		C279085DE841D20F18A0283D /* Pods_TodoAppTests.framework */ = {isa = PBXFileReference; explicitFileType = wrapper.framework; includeInIndex = 0; path = Pods_TodoAppTests.framework; sourceTree = BUILT_PRODUCTS_DIR; };
		D179D2FB7741D012C5677C34 /* Pods-TodoApp.debug.xcconfig */ = {isa = PBXFileReference; includeInIndex = 1; lastKnownFileType = text.xcconfig; name = "Pods-TodoApp.debug.xcconfig"; path = "Target Support Files/Pods-TodoApp/Pods-TodoApp.debug.xcconfig"; sourceTree = "<group>"; };
		D9881AEC0E9A046651BB1F83 /* Pods-TodoApp.release.xcconfig */ = {isa = PBXFileReference; includeInIndex = 1; lastKnownFileType = text.xcconfig; name = "Pods-TodoApp.release.xcconfig"; path = "Target Support Files/Pods-TodoApp/Pods-TodoApp.release.xcconfig"; sourceTree = "<group>"; };
		DD19193E2061C5F61455D1D7 /* Pods-TodoApp-TodoAppUITests.release.xcconfig */ = {isa = PBXFileReference; includeInIndex = 1; lastKnownFileType = text.xcconfig; name = "Pods-TodoApp-TodoAppUITests.release.xcconfig"; path = "Target Support Files/Pods-TodoApp-TodoAppUITests/Pods-TodoApp-TodoAppUITests.release.xcconfig"; sourceTree = "<group>"; };
		E246E43E0527A7B3E3992B18 /* Pods_TodoApp_TodoAppUITests.framework */ = {isa = PBXFileReference; explicitFileType = wrapper.framework; includeInIndex = 0; path = Pods_TodoApp_TodoAppUITests.framework; sourceTree = BUILT_PRODUCTS_DIR; };
/* End PBXFileReference section */

/* Begin PBXFrameworksBuildPhase section */
		162C582125051AC500F069A6 /* Frameworks */ = {
			isa = PBXFrameworksBuildPhase;
			buildActionMask = 2147483647;
			files = (
				09B4A85186A9540611D0D11D /* Pods_TodoApp.framework in Frameworks */,
			);
			runOnlyForDeploymentPostprocessing = 0;
		};
		162C583725051AC600F069A6 /* Frameworks */ = {
			isa = PBXFrameworksBuildPhase;
			buildActionMask = 2147483647;
			files = (
				C74126D68E57068E7536FD86 /* Pods_TodoAppTests.framework in Frameworks */,
			);
			runOnlyForDeploymentPostprocessing = 0;
		};
		162C584225051AC600F069A6 /* Frameworks */ = {
			isa = PBXFrameworksBuildPhase;
			buildActionMask = 2147483647;
			files = (
				21150886F42BBA1F41CEC031 /* Pods_TodoApp_TodoAppUITests.framework in Frameworks */,
			);
			runOnlyForDeploymentPostprocessing = 0;
		};
/* End PBXFrameworksBuildPhase section */

/* Begin PBXGroup section */
		162C581B25051AC500F069A6 = {
			isa = PBXGroup;
			children = (
				162C582625051AC500F069A6 /* TodoApp */,
				162C583D25051AC600F069A6 /* TodoAppTests */,
				162C584825051AC600F069A6 /* TodoAppUITests */,
				162C582525051AC500F069A6 /* Products */,
				713CA9C0774BF887DB750477 /* Pods */,
				5FAE33900177246BD01659A3 /* Frameworks */,
			);
			sourceTree = "<group>";
		};
		162C582525051AC500F069A6 /* Products */ = {
			isa = PBXGroup;
			children = (
				162C582425051AC500F069A6 /* TodoApp.app */,
				162C583A25051AC600F069A6 /* TodoAppTests.xctest */,
				162C584525051AC600F069A6 /* TodoAppUITests.xctest */,
			);
			name = Products;
			sourceTree = "<group>";
		};
		162C582625051AC500F069A6 /* TodoApp */ = {
			isa = PBXGroup;
			children = (
				26D053C225111856006A4675 /* Models */,
				162C58612505222300F069A6 /* Controllers */,
				162C58602505220500F069A6 /* Views */,
				162C583025051AC500F069A6 /* Assets.xcassets */,
				162C583225051AC500F069A6 /* LaunchScreen.storyboard */,
				162C582725051AC500F069A6 /* AppDelegate.swift */,
				162C582925051AC500F069A6 /* SceneDelegate.swift */,
				162C583525051AC500F069A6 /* Info.plist */,
			);
			path = TodoApp;
			sourceTree = "<group>";
		};
		162C583D25051AC600F069A6 /* TodoAppTests */ = {
			isa = PBXGroup;
			children = (
				162C583E25051AC600F069A6 /* TodoAppTests.swift */,
				162C584025051AC600F069A6 /* Info.plist */,
			);
			path = TodoAppTests;
			sourceTree = "<group>";
		};
		162C584825051AC600F069A6 /* TodoAppUITests */ = {
			isa = PBXGroup;
			children = (
				162C584925051AC600F069A6 /* TodoAppUITests.swift */,
				162C584B25051AC600F069A6 /* Info.plist */,
			);
			path = TodoAppUITests;
			sourceTree = "<group>";
		};
		162C58602505220500F069A6 /* Views */ = {
			isa = PBXGroup;
			children = (
				69003DDC25C2C98900762DA0 /* Configration.storyboard */,
				613299152509B7C600FC1819 /* ItemAdd.storyboard */,
				26C5252C25349BEA0029F83D /* ItemEdit.storyboard */,
				162C585C250520BD00F069A6 /* ItemList.storyboard */,
				162C58622505259200F069A6 /* ItemListTableViewCell.swift */,
				162C58632505259200F069A6 /* ItemListTableViewCell.xib */,
			);
			path = Views;
			sourceTree = "<group>";
		};
		162C58612505222300F069A6 /* Controllers */ = {
			isa = PBXGroup;
			children = (
				698FCA1125B85339000618C8 /* ConfigrationViewController.swift */,
				162C585E250520E400F069A6 /* ItemListViewController.swift */,
				61329913250874D200FC1819 /* ItemAddViewController.swift */,
				26C5253125349C770029F83D /* ItemEditViewController.swift */,
			);
			name = Controllers;
			path = Views/Controllers;
			sourceTree = "<group>";
		};
		26D053C225111856006A4675 /* Models */ = {
			isa = PBXGroup;
			children = (
				26D053C3251118A0006A4675 /* items.swift */,
			);
			path = Models;
			sourceTree = "<group>";
		};
		5FAE33900177246BD01659A3 /* Frameworks */ = {
			isa = PBXGroup;
			children = (
				49581766F5C8789EBF727BB5 /* Pods_TodoApp.framework */,
				E246E43E0527A7B3E3992B18 /* Pods_TodoApp_TodoAppUITests.framework */,
				C279085DE841D20F18A0283D /* Pods_TodoAppTests.framework */,
			);
			name = Frameworks;
			sourceTree = "<group>";
		};
		713CA9C0774BF887DB750477 /* Pods */ = {
			isa = PBXGroup;
			children = (
				D179D2FB7741D012C5677C34 /* Pods-TodoApp.debug.xcconfig */,
				D9881AEC0E9A046651BB1F83 /* Pods-TodoApp.release.xcconfig */,
				92856F3FD4BFC1CDC480FBD3 /* Pods-TodoApp-TodoAppUITests.debug.xcconfig */,
				DD19193E2061C5F61455D1D7 /* Pods-TodoApp-TodoAppUITests.release.xcconfig */,
				1BEBF9910557AD691B2FC54E /* Pods-TodoAppTests.debug.xcconfig */,
				901E4077E31E65B91B1ED8FC /* Pods-TodoAppTests.release.xcconfig */,
			);
			path = Pods;
			sourceTree = "<group>";
		};
/* End PBXGroup section */

/* Begin PBXNativeTarget section */
		162C582325051AC500F069A6 /* TodoApp */ = {
			isa = PBXNativeTarget;
			buildConfigurationList = 162C584E25051AC600F069A6 /* Build configuration list for PBXNativeTarget "TodoApp" */;
			buildPhases = (
				4D3263E93726BB569AD07028 /* [CP] Check Pods Manifest.lock */,
				162C582025051AC500F069A6 /* Sources */,
				162C582125051AC500F069A6 /* Frameworks */,
				162C582225051AC500F069A6 /* Resources */,
				AC47628FB47123DBAD745176 /* [CP] Embed Pods Frameworks */,
				16D17AB22528BB6E00AB4F45 /* Run Script(Xcode Version check) */,
			);
			buildRules = (
			);
			dependencies = (
			);
			name = TodoApp;
			productName = TodoApp;
			productReference = 162C582425051AC500F069A6 /* TodoApp.app */;
			productType = "com.apple.product-type.application";
		};
		162C583925051AC600F069A6 /* TodoAppTests */ = {
			isa = PBXNativeTarget;
			buildConfigurationList = 162C585125051AC600F069A6 /* Build configuration list for PBXNativeTarget "TodoAppTests" */;
			buildPhases = (
				B7BCCD85161455B5CAAE855E /* [CP] Check Pods Manifest.lock */,
				162C583625051AC600F069A6 /* Sources */,
				162C583725051AC600F069A6 /* Frameworks */,
				162C583825051AC600F069A6 /* Resources */,
			);
			buildRules = (
			);
			dependencies = (
				162C583C25051AC600F069A6 /* PBXTargetDependency */,
			);
			name = TodoAppTests;
			productName = TodoAppTests;
			productReference = 162C583A25051AC600F069A6 /* TodoAppTests.xctest */;
			productType = "com.apple.product-type.bundle.unit-test";
		};
		162C584425051AC600F069A6 /* TodoAppUITests */ = {
			isa = PBXNativeTarget;
			buildConfigurationList = 162C585425051AC600F069A6 /* Build configuration list for PBXNativeTarget "TodoAppUITests" */;
			buildPhases = (
				EC0A1EDA81CF186AD9DC4374 /* [CP] Check Pods Manifest.lock */,
				162C584125051AC600F069A6 /* Sources */,
				162C584225051AC600F069A6 /* Frameworks */,
				162C584325051AC600F069A6 /* Resources */,
				C40B43AFD50DF70FE0AFE95A /* [CP] Embed Pods Frameworks */,
			);
			buildRules = (
			);
			dependencies = (
				162C584725051AC600F069A6 /* PBXTargetDependency */,
			);
			name = TodoAppUITests;
			productName = TodoAppUITests;
			productReference = 162C584525051AC600F069A6 /* TodoAppUITests.xctest */;
			productType = "com.apple.product-type.bundle.ui-testing";
		};
/* End PBXNativeTarget section */

/* Begin PBXProject section */
		162C581C25051AC500F069A6 /* Project object */ = {
			isa = PBXProject;
			attributes = {
				LastSwiftUpdateCheck = 1150;
				LastUpgradeCheck = 1200;
				ORGANIZATIONNAME = LeanjoyFC;
				TargetAttributes = {
					162C582325051AC500F069A6 = {
						CreatedOnToolsVersion = 11.5;
					};
					162C583925051AC600F069A6 = {
						CreatedOnToolsVersion = 11.5;
						TestTargetID = 162C582325051AC500F069A6;
					};
					162C584425051AC600F069A6 = {
						CreatedOnToolsVersion = 11.5;
						TestTargetID = 162C582325051AC500F069A6;
					};
				};
			};
			buildConfigurationList = 162C581F25051AC500F069A6 /* Build configuration list for PBXProject "TodoApp" */;
			compatibilityVersion = "Xcode 9.3";
			developmentRegion = en;
			hasScannedForEncodings = 0;
			knownRegions = (
				en,
				Base,
			);
			mainGroup = 162C581B25051AC500F069A6;
			productRefGroup = 162C582525051AC500F069A6 /* Products */;
			projectDirPath = "";
			projectRoot = "";
			targets = (
				162C582325051AC500F069A6 /* TodoApp */,
				162C583925051AC600F069A6 /* TodoAppTests */,
				162C584425051AC600F069A6 /* TodoAppUITests */,
			);
		};
/* End PBXProject section */

/* Begin PBXResourcesBuildPhase section */
		162C582225051AC500F069A6 /* Resources */ = {
			isa = PBXResourcesBuildPhase;
			buildActionMask = 2147483647;
			files = (
				69003DDD25C2C98900762DA0 /* Configration.storyboard in Resources */,
				162C58652505259200F069A6 /* ItemListTableViewCell.xib in Resources */,
				26C5252D25349BEA0029F83D /* ItemEdit.storyboard in Resources */,
				162C585D250520BD00F069A6 /* ItemList.storyboard in Resources */,
				162C583425051AC500F069A6 /* LaunchScreen.storyboard in Resources */,
				613299162509B7C600FC1819 /* ItemAdd.storyboard in Resources */,
				162C583125051AC500F069A6 /* Assets.xcassets in Resources */,
			);
			runOnlyForDeploymentPostprocessing = 0;
		};
		162C583825051AC600F069A6 /* Resources */ = {
			isa = PBXResourcesBuildPhase;
			buildActionMask = 2147483647;
			files = (
			);
			runOnlyForDeploymentPostprocessing = 0;
		};
		162C584325051AC600F069A6 /* Resources */ = {
			isa = PBXResourcesBuildPhase;
			buildActionMask = 2147483647;
			files = (
			);
			runOnlyForDeploymentPostprocessing = 0;
		};
/* End PBXResourcesBuildPhase section */

/* Begin PBXShellScriptBuildPhase section */
		16D17AB22528BB6E00AB4F45 /* Run Script(Xcode Version check) */ = {
			isa = PBXShellScriptBuildPhase;
			buildActionMask = 2147483647;
			files = (
			);
			inputFileListPaths = (
			);
			inputPaths = (
			);
			name = "Run Script(Xcode Version check)";
			outputFileListPaths = (
			);
			outputPaths = (
			);
			runOnlyForDeploymentPostprocessing = 0;
			shellPath = /bin/sh;
			shellScript = "\n# 12.2.0\nif [[ $XCODE_VERSION_ACTUAL != \"1220\" ]]; then\n  echo \"error: Check your XCode version.\"\n  return -1\nfi\n";
		};
		4D3263E93726BB569AD07028 /* [CP] Check Pods Manifest.lock */ = {
			isa = PBXShellScriptBuildPhase;
			buildActionMask = 2147483647;
			files = (
			);
			inputFileListPaths = (
			);
			inputPaths = (
				"${PODS_PODFILE_DIR_PATH}/Podfile.lock",
				"${PODS_ROOT}/Manifest.lock",
			);
			name = "[CP] Check Pods Manifest.lock";
			outputFileListPaths = (
			);
			outputPaths = (
				"$(DERIVED_FILE_DIR)/Pods-TodoApp-checkManifestLockResult.txt",
			);
			runOnlyForDeploymentPostprocessing = 0;
			shellPath = /bin/sh;
			shellScript = "diff \"${PODS_PODFILE_DIR_PATH}/Podfile.lock\" \"${PODS_ROOT}/Manifest.lock\" > /dev/null\nif [ $? != 0 ] ; then\n    # print error to STDERR\n    echo \"error: The sandbox is not in sync with the Podfile.lock. Run 'pod install' or update your CocoaPods installation.\" >&2\n    exit 1\nfi\n# This output is used by Xcode 'outputs' to avoid re-running this script phase.\necho \"SUCCESS\" > \"${SCRIPT_OUTPUT_FILE_0}\"\n";
			showEnvVarsInLog = 0;
		};
		AC47628FB47123DBAD745176 /* [CP] Embed Pods Frameworks */ = {
			isa = PBXShellScriptBuildPhase;
			buildActionMask = 2147483647;
			files = (
			);
			inputFileListPaths = (
				"${PODS_ROOT}/Target Support Files/Pods-TodoApp/Pods-TodoApp-frameworks-${CONFIGURATION}-input-files.xcfilelist",
			);
			name = "[CP] Embed Pods Frameworks";
			outputFileListPaths = (
				"${PODS_ROOT}/Target Support Files/Pods-TodoApp/Pods-TodoApp-frameworks-${CONFIGURATION}-output-files.xcfilelist",
			);
			runOnlyForDeploymentPostprocessing = 0;
			shellPath = /bin/sh;
			shellScript = "\"${PODS_ROOT}/Target Support Files/Pods-TodoApp/Pods-TodoApp-frameworks.sh\"\n";
			showEnvVarsInLog = 0;
		};
		B7BCCD85161455B5CAAE855E /* [CP] Check Pods Manifest.lock */ = {
			isa = PBXShellScriptBuildPhase;
			buildActionMask = 2147483647;
			files = (
			);
			inputFileListPaths = (
			);
			inputPaths = (
				"${PODS_PODFILE_DIR_PATH}/Podfile.lock",
				"${PODS_ROOT}/Manifest.lock",
			);
			name = "[CP] Check Pods Manifest.lock";
			outputFileListPaths = (
			);
			outputPaths = (
				"$(DERIVED_FILE_DIR)/Pods-TodoAppTests-checkManifestLockResult.txt",
			);
			runOnlyForDeploymentPostprocessing = 0;
			shellPath = /bin/sh;
			shellScript = "diff \"${PODS_PODFILE_DIR_PATH}/Podfile.lock\" \"${PODS_ROOT}/Manifest.lock\" > /dev/null\nif [ $? != 0 ] ; then\n    # print error to STDERR\n    echo \"error: The sandbox is not in sync with the Podfile.lock. Run 'pod install' or update your CocoaPods installation.\" >&2\n    exit 1\nfi\n# This output is used by Xcode 'outputs' to avoid re-running this script phase.\necho \"SUCCESS\" > \"${SCRIPT_OUTPUT_FILE_0}\"\n";
			showEnvVarsInLog = 0;
		};
		C40B43AFD50DF70FE0AFE95A /* [CP] Embed Pods Frameworks */ = {
			isa = PBXShellScriptBuildPhase;
			buildActionMask = 2147483647;
			files = (
			);
			inputFileListPaths = (
				"${PODS_ROOT}/Target Support Files/Pods-TodoApp-TodoAppUITests/Pods-TodoApp-TodoAppUITests-frameworks-${CONFIGURATION}-input-files.xcfilelist",
			);
			name = "[CP] Embed Pods Frameworks";
			outputFileListPaths = (
				"${PODS_ROOT}/Target Support Files/Pods-TodoApp-TodoAppUITests/Pods-TodoApp-TodoAppUITests-frameworks-${CONFIGURATION}-output-files.xcfilelist",
			);
			runOnlyForDeploymentPostprocessing = 0;
			shellPath = /bin/sh;
			shellScript = "\"${PODS_ROOT}/Target Support Files/Pods-TodoApp-TodoAppUITests/Pods-TodoApp-TodoAppUITests-frameworks.sh\"\n";
			showEnvVarsInLog = 0;
		};
		EC0A1EDA81CF186AD9DC4374 /* [CP] Check Pods Manifest.lock */ = {
			isa = PBXShellScriptBuildPhase;
			buildActionMask = 2147483647;
			files = (
			);
			inputFileListPaths = (
			);
			inputPaths = (
				"${PODS_PODFILE_DIR_PATH}/Podfile.lock",
				"${PODS_ROOT}/Manifest.lock",
			);
			name = "[CP] Check Pods Manifest.lock";
			outputFileListPaths = (
			);
			outputPaths = (
				"$(DERIVED_FILE_DIR)/Pods-TodoApp-TodoAppUITests-checkManifestLockResult.txt",
			);
			runOnlyForDeploymentPostprocessing = 0;
			shellPath = /bin/sh;
			shellScript = "diff \"${PODS_PODFILE_DIR_PATH}/Podfile.lock\" \"${PODS_ROOT}/Manifest.lock\" > /dev/null\nif [ $? != 0 ] ; then\n    # print error to STDERR\n    echo \"error: The sandbox is not in sync with the Podfile.lock. Run 'pod install' or update your CocoaPods installation.\" >&2\n    exit 1\nfi\n# This output is used by Xcode 'outputs' to avoid re-running this script phase.\necho \"SUCCESS\" > \"${SCRIPT_OUTPUT_FILE_0}\"\n";
			showEnvVarsInLog = 0;
		};
/* End PBXShellScriptBuildPhase section */

/* Begin PBXSourcesBuildPhase section */
		162C582025051AC500F069A6 /* Sources */ = {
			isa = PBXSourcesBuildPhase;
			buildActionMask = 2147483647;
			files = (
				162C58642505259200F069A6 /* ItemListTableViewCell.swift in Sources */,
				61329914250874D200FC1819 /* ItemAddViewController.swift in Sources */,
				698FCA1225B85339000618C8 /* ConfigrationViewController.swift in Sources */,
				26D053C4251118A0006A4675 /* items.swift in Sources */,
				26C5253225349C770029F83D /* ItemEditViewController.swift in Sources */,
				162C582825051AC500F069A6 /* AppDelegate.swift in Sources */,
				162C582A25051AC500F069A6 /* SceneDelegate.swift in Sources */,
				162C585F250520E400F069A6 /* ItemListViewController.swift in Sources */,
			);
			runOnlyForDeploymentPostprocessing = 0;
		};
		162C583625051AC600F069A6 /* Sources */ = {
			isa = PBXSourcesBuildPhase;
			buildActionMask = 2147483647;
			files = (
				162C583F25051AC600F069A6 /* TodoAppTests.swift in Sources */,
			);
			runOnlyForDeploymentPostprocessing = 0;
		};
		162C584125051AC600F069A6 /* Sources */ = {
			isa = PBXSourcesBuildPhase;
			buildActionMask = 2147483647;
			files = (
				162C584A25051AC600F069A6 /* TodoAppUITests.swift in Sources */,
			);
			runOnlyForDeploymentPostprocessing = 0;
		};
/* End PBXSourcesBuildPhase section */

/* Begin PBXTargetDependency section */
		162C583C25051AC600F069A6 /* PBXTargetDependency */ = {
			isa = PBXTargetDependency;
			target = 162C582325051AC500F069A6 /* TodoApp */;
			targetProxy = 162C583B25051AC600F069A6 /* PBXContainerItemProxy */;
		};
		162C584725051AC600F069A6 /* PBXTargetDependency */ = {
			isa = PBXTargetDependency;
			target = 162C582325051AC500F069A6 /* TodoApp */;
			targetProxy = 162C584625051AC600F069A6 /* PBXContainerItemProxy */;
		};
/* End PBXTargetDependency section */

/* Begin PBXVariantGroup section */
		162C583225051AC500F069A6 /* LaunchScreen.storyboard */ = {
			isa = PBXVariantGroup;
			children = (
				162C583325051AC500F069A6 /* Base */,
			);
			name = LaunchScreen.storyboard;
			sourceTree = "<group>";
		};
/* End PBXVariantGroup section */

/* Begin XCBuildConfiguration section */
		162C584C25051AC600F069A6 /* Debug */ = {
			isa = XCBuildConfiguration;
			buildSettings = {
				ALWAYS_SEARCH_USER_PATHS = NO;
				CLANG_ANALYZER_NONNULL = YES;
				CLANG_ANALYZER_NUMBER_OBJECT_CONVERSION = YES_AGGRESSIVE;
				CLANG_CXX_LANGUAGE_STANDARD = "gnu++14";
				CLANG_CXX_LIBRARY = "libc++";
				CLANG_ENABLE_MODULES = YES;
				CLANG_ENABLE_OBJC_ARC = YES;
				CLANG_ENABLE_OBJC_WEAK = YES;
				CLANG_WARN_BLOCK_CAPTURE_AUTORELEASING = YES;
				CLANG_WARN_BOOL_CONVERSION = YES;
				CLANG_WARN_COMMA = YES;
				CLANG_WARN_CONSTANT_CONVERSION = YES;
				CLANG_WARN_DEPRECATED_OBJC_IMPLEMENTATIONS = YES;
				CLANG_WARN_DIRECT_OBJC_ISA_USAGE = YES_ERROR;
				CLANG_WARN_DOCUMENTATION_COMMENTS = YES;
				CLANG_WARN_EMPTY_BODY = YES;
				CLANG_WARN_ENUM_CONVERSION = YES;
				CLANG_WARN_INFINITE_RECURSION = YES;
				CLANG_WARN_INT_CONVERSION = YES;
				CLANG_WARN_NON_LITERAL_NULL_CONVERSION = YES;
				CLANG_WARN_OBJC_IMPLICIT_RETAIN_SELF = YES;
				CLANG_WARN_OBJC_LITERAL_CONVERSION = YES;
				CLANG_WARN_OBJC_ROOT_CLASS = YES_ERROR;
				CLANG_WARN_QUOTED_INCLUDE_IN_FRAMEWORK_HEADER = YES;
				CLANG_WARN_RANGE_LOOP_ANALYSIS = YES;
				CLANG_WARN_STRICT_PROTOTYPES = YES;
				CLANG_WARN_SUSPICIOUS_MOVE = YES;
				CLANG_WARN_UNGUARDED_AVAILABILITY = YES_AGGRESSIVE;
				CLANG_WARN_UNREACHABLE_CODE = YES;
				CLANG_WARN__DUPLICATE_METHOD_MATCH = YES;
				COPY_PHASE_STRIP = NO;
				DEBUG_INFORMATION_FORMAT = dwarf;
				ENABLE_STRICT_OBJC_MSGSEND = YES;
				ENABLE_TESTABILITY = YES;
				GCC_C_LANGUAGE_STANDARD = gnu11;
				GCC_DYNAMIC_NO_PIC = NO;
				GCC_NO_COMMON_BLOCKS = YES;
				GCC_OPTIMIZATION_LEVEL = 0;
				GCC_PREPROCESSOR_DEFINITIONS = (
					"DEBUG=1",
					"$(inherited)",
				);
				GCC_WARN_64_TO_32_BIT_CONVERSION = YES;
				GCC_WARN_ABOUT_RETURN_TYPE = YES_ERROR;
				GCC_WARN_UNDECLARED_SELECTOR = YES;
				GCC_WARN_UNINITIALIZED_AUTOS = YES_AGGRESSIVE;
				GCC_WARN_UNUSED_FUNCTION = YES;
				GCC_WARN_UNUSED_VARIABLE = YES;
				IPHONEOS_DEPLOYMENT_TARGET = 14.0;
				MTL_ENABLE_DEBUG_INFO = INCLUDE_SOURCE;
				MTL_FAST_MATH = YES;
				ONLY_ACTIVE_ARCH = YES;
				SDKROOT = iphoneos;
				SWIFT_ACTIVE_COMPILATION_CONDITIONS = DEBUG;
				SWIFT_OPTIMIZATION_LEVEL = "-Onone";
			};
			name = Debug;
		};
		162C584D25051AC600F069A6 /* Release */ = {
			isa = XCBuildConfiguration;
			buildSettings = {
				ALWAYS_SEARCH_USER_PATHS = NO;
				CLANG_ANALYZER_NONNULL = YES;
				CLANG_ANALYZER_NUMBER_OBJECT_CONVERSION = YES_AGGRESSIVE;
				CLANG_CXX_LANGUAGE_STANDARD = "gnu++14";
				CLANG_CXX_LIBRARY = "libc++";
				CLANG_ENABLE_MODULES = YES;
				CLANG_ENABLE_OBJC_ARC = YES;
				CLANG_ENABLE_OBJC_WEAK = YES;
				CLANG_WARN_BLOCK_CAPTURE_AUTORELEASING = YES;
				CLANG_WARN_BOOL_CONVERSION = YES;
				CLANG_WARN_COMMA = YES;
				CLANG_WARN_CONSTANT_CONVERSION = YES;
				CLANG_WARN_DEPRECATED_OBJC_IMPLEMENTATIONS = YES;
				CLANG_WARN_DIRECT_OBJC_ISA_USAGE = YES_ERROR;
				CLANG_WARN_DOCUMENTATION_COMMENTS = YES;
				CLANG_WARN_EMPTY_BODY = YES;
				CLANG_WARN_ENUM_CONVERSION = YES;
				CLANG_WARN_INFINITE_RECURSION = YES;
				CLANG_WARN_INT_CONVERSION = YES;
				CLANG_WARN_NON_LITERAL_NULL_CONVERSION = YES;
				CLANG_WARN_OBJC_IMPLICIT_RETAIN_SELF = YES;
				CLANG_WARN_OBJC_LITERAL_CONVERSION = YES;
				CLANG_WARN_OBJC_ROOT_CLASS = YES_ERROR;
				CLANG_WARN_QUOTED_INCLUDE_IN_FRAMEWORK_HEADER = YES;
				CLANG_WARN_RANGE_LOOP_ANALYSIS = YES;
				CLANG_WARN_STRICT_PROTOTYPES = YES;
				CLANG_WARN_SUSPICIOUS_MOVE = YES;
				CLANG_WARN_UNGUARDED_AVAILABILITY = YES_AGGRESSIVE;
				CLANG_WARN_UNREACHABLE_CODE = YES;
				CLANG_WARN__DUPLICATE_METHOD_MATCH = YES;
				COPY_PHASE_STRIP = NO;
				DEBUG_INFORMATION_FORMAT = "dwarf-with-dsym";
				ENABLE_NS_ASSERTIONS = NO;
				ENABLE_STRICT_OBJC_MSGSEND = YES;
				GCC_C_LANGUAGE_STANDARD = gnu11;
				GCC_NO_COMMON_BLOCKS = YES;
				GCC_WARN_64_TO_32_BIT_CONVERSION = YES;
				GCC_WARN_ABOUT_RETURN_TYPE = YES_ERROR;
				GCC_WARN_UNDECLARED_SELECTOR = YES;
				GCC_WARN_UNINITIALIZED_AUTOS = YES_AGGRESSIVE;
				GCC_WARN_UNUSED_FUNCTION = YES;
				GCC_WARN_UNUSED_VARIABLE = YES;
				IPHONEOS_DEPLOYMENT_TARGET = 14.0;
				MTL_ENABLE_DEBUG_INFO = NO;
				MTL_FAST_MATH = YES;
				SDKROOT = iphoneos;
				SWIFT_COMPILATION_MODE = wholemodule;
				SWIFT_OPTIMIZATION_LEVEL = "-O";
				VALIDATE_PRODUCT = YES;
			};
			name = Release;
		};
		162C584F25051AC600F069A6 /* Debug */ = {
			isa = XCBuildConfiguration;
			baseConfigurationReference = D179D2FB7741D012C5677C34 /* Pods-TodoApp.debug.xcconfig */;
			buildSettings = {
				ASSETCATALOG_COMPILER_APPICON_NAME = AppIcon;
				CODE_SIGN_STYLE = Automatic;
				DEVELOPMENT_TEAM = NZSUHT5DUD;
				INFOPLIST_FILE = TodoApp/Info.plist;
				LD_RUNPATH_SEARCH_PATHS = (
					"$(inherited)",
					"@executable_path/Frameworks",
				);
				MARKETING_VERSION = 1.1.0;
				PRODUCT_BUNDLE_IDENTIFIER = com.LeanjoyFC.TodoApp;
				PRODUCT_NAME = "$(TARGET_NAME)";
				SWIFT_VERSION = 5.0;
				TARGETED_DEVICE_FAMILY = "1,2";
			};
			name = Debug;
		};
		162C585025051AC600F069A6 /* Release */ = {
			isa = XCBuildConfiguration;
			baseConfigurationReference = D9881AEC0E9A046651BB1F83 /* Pods-TodoApp.release.xcconfig */;
			buildSettings = {
				ASSETCATALOG_COMPILER_APPICON_NAME = AppIcon;
				CODE_SIGN_STYLE = Automatic;
				DEVELOPMENT_TEAM = NZSUHT5DUD;
				INFOPLIST_FILE = TodoApp/Info.plist;
				LD_RUNPATH_SEARCH_PATHS = (
					"$(inherited)",
					"@executable_path/Frameworks",
				);
				MARKETING_VERSION = 1.1.0;
				PRODUCT_BUNDLE_IDENTIFIER = com.LeanjoyFC.TodoApp;
				PRODUCT_NAME = "$(TARGET_NAME)";
				SWIFT_VERSION = 5.0;
				TARGETED_DEVICE_FAMILY = "1,2";
			};
			name = Release;
		};
		162C585225051AC600F069A6 /* Debug */ = {
			isa = XCBuildConfiguration;
			baseConfigurationReference = 1BEBF9910557AD691B2FC54E /* Pods-TodoAppTests.debug.xcconfig */;
			buildSettings = {
				ALWAYS_EMBED_SWIFT_STANDARD_LIBRARIES = YES;
				BUNDLE_LOADER = "$(TEST_HOST)";
				CODE_SIGN_STYLE = Automatic;
				DEVELOPMENT_TEAM = NZSUHT5DUD;
				INFOPLIST_FILE = TodoAppTests/Info.plist;
				IPHONEOS_DEPLOYMENT_TARGET = 14.0;
				LD_RUNPATH_SEARCH_PATHS = (
					"$(inherited)",
					"@executable_path/Frameworks",
					"@loader_path/Frameworks",
				);
				PRODUCT_BUNDLE_IDENTIFIER = com.LeanjoyFC.TodoAppTests;
				PRODUCT_NAME = "$(TARGET_NAME)";
				SWIFT_VERSION = 5.0;
				TARGETED_DEVICE_FAMILY = "1,2";
				TEST_HOST = "$(BUILT_PRODUCTS_DIR)/TodoApp.app/TodoApp";
			};
			name = Debug;
		};
		162C585325051AC600F069A6 /* Release */ = {
			isa = XCBuildConfiguration;
			baseConfigurationReference = 901E4077E31E65B91B1ED8FC /* Pods-TodoAppTests.release.xcconfig */;
			buildSettings = {
				ALWAYS_EMBED_SWIFT_STANDARD_LIBRARIES = YES;
				BUNDLE_LOADER = "$(TEST_HOST)";
				CODE_SIGN_STYLE = Automatic;
				DEVELOPMENT_TEAM = NZSUHT5DUD;
				INFOPLIST_FILE = TodoAppTests/Info.plist;
				IPHONEOS_DEPLOYMENT_TARGET = 14.0;
				LD_RUNPATH_SEARCH_PATHS = (
					"$(inherited)",
					"@executable_path/Frameworks",
					"@loader_path/Frameworks",
				);
				PRODUCT_BUNDLE_IDENTIFIER = com.LeanjoyFC.TodoAppTests;
				PRODUCT_NAME = "$(TARGET_NAME)";
				SWIFT_VERSION = 5.0;
				TARGETED_DEVICE_FAMILY = "1,2";
				TEST_HOST = "$(BUILT_PRODUCTS_DIR)/TodoApp.app/TodoApp";
			};
			name = Release;
		};
		162C585525051AC600F069A6 /* Debug */ = {
			isa = XCBuildConfiguration;
			baseConfigurationReference = 92856F3FD4BFC1CDC480FBD3 /* Pods-TodoApp-TodoAppUITests.debug.xcconfig */;
			buildSettings = {
				ALWAYS_EMBED_SWIFT_STANDARD_LIBRARIES = YES;
				CODE_SIGN_STYLE = Automatic;
				DEVELOPMENT_TEAM = NZSUHT5DUD;
				INFOPLIST_FILE = TodoAppUITests/Info.plist;
				LD_RUNPATH_SEARCH_PATHS = (
					"$(inherited)",
					"@executable_path/Frameworks",
					"@loader_path/Frameworks",
				);
				PRODUCT_BUNDLE_IDENTIFIER = com.LeanjoyFC.TodoAppUITests;
				PRODUCT_NAME = "$(TARGET_NAME)";
				SWIFT_VERSION = 5.0;
				TARGETED_DEVICE_FAMILY = "1,2";
				TEST_TARGET_NAME = TodoApp;
			};
			name = Debug;
		};
		162C585625051AC600F069A6 /* Release */ = {
			isa = XCBuildConfiguration;
			baseConfigurationReference = DD19193E2061C5F61455D1D7 /* Pods-TodoApp-TodoAppUITests.release.xcconfig */;
			buildSettings = {
				ALWAYS_EMBED_SWIFT_STANDARD_LIBRARIES = YES;
				CODE_SIGN_STYLE = Automatic;
				DEVELOPMENT_TEAM = NZSUHT5DUD;
				INFOPLIST_FILE = TodoAppUITests/Info.plist;
				LD_RUNPATH_SEARCH_PATHS = (
					"$(inherited)",
					"@executable_path/Frameworks",
					"@loader_path/Frameworks",
				);
				PRODUCT_BUNDLE_IDENTIFIER = com.LeanjoyFC.TodoAppUITests;
				PRODUCT_NAME = "$(TARGET_NAME)";
				SWIFT_VERSION = 5.0;
				TARGETED_DEVICE_FAMILY = "1,2";
				TEST_TARGET_NAME = TodoApp;
			};
			name = Release;
		};
/* End XCBuildConfiguration section */

/* Begin XCConfigurationList section */
		162C581F25051AC500F069A6 /* Build configuration list for PBXProject "TodoApp" */ = {
			isa = XCConfigurationList;
			buildConfigurations = (
				162C584C25051AC600F069A6 /* Debug */,
				162C584D25051AC600F069A6 /* Release */,
			);
			defaultConfigurationIsVisible = 0;
			defaultConfigurationName = Release;
		};
		162C584E25051AC600F069A6 /* Build configuration list for PBXNativeTarget "TodoApp" */ = {
			isa = XCConfigurationList;
			buildConfigurations = (
				162C584F25051AC600F069A6 /* Debug */,
				162C585025051AC600F069A6 /* Release */,
			);
			defaultConfigurationIsVisible = 0;
			defaultConfigurationName = Release;
		};
		162C585125051AC600F069A6 /* Build configuration list for PBXNativeTarget "TodoAppTests" */ = {
			isa = XCConfigurationList;
			buildConfigurations = (
				162C585225051AC600F069A6 /* Debug */,
				162C585325051AC600F069A6 /* Release */,
			);
			defaultConfigurationIsVisible = 0;
			defaultConfigurationName = Release;
		};
		162C585425051AC600F069A6 /* Build configuration list for PBXNativeTarget "TodoAppUITests" */ = {
			isa = XCConfigurationList;
			buildConfigurations = (
				162C585525051AC600F069A6 /* Debug */,
				162C585625051AC600F069A6 /* Release */,
			);
			defaultConfigurationIsVisible = 0;
			defaultConfigurationName = Release;
		};
/* End XCConfigurationList section */
	};
	rootObject = 162C581C25051AC500F069A6 /* Project object */;
}
